
Microsoft Visual Studio Solution File, Format Version 12.00
# Visual Studio Version 17
VisualStudioVersion = 17.5.33516.290
MinimumVisualStudioVersion = 10.0.40219.1
Project("{FAE04EC0-301F-11D3-BF4B-00C04F79EFBC}") = "Logic1", "Logic1\Logic1.csproj", "{6AD15E00-5F91-4902-B074-4EF1A81CE733}"
EndProject
Project("{FAE04EC0-301F-11D3-BF4B-00C04F79EFBC}") = "Dal1", "Dal1\Dal1.csproj", "{E177B117-6C79-492E-AE0A-7F880CC56110}"
EndProject
Project("{FAE04EC0-301F-11D3-BF4B-00C04F79EFBC}") = "WebApp1", "WebApp1\WebApp1.csproj", "{A9457AA5-4E81-47AE-9452-F53CCDD44F34}"
EndProject
Global
	GlobalSection(SolutionConfigurationPlatforms) = preSolution
		Debug|Any CPU = Debug|Any CPU
		Release|Any CPU = Release|Any CPU
	EndGlobalSection
	GlobalSection(ProjectConfigurationPlatforms) = postSolution
		{6AD15E00-5F91-4902-B074-4EF1A81CE733}.Debug|Any CPU.ActiveCfg = Debug|Any CPU
		{6AD15E00-5F91-4902-B074-4EF1A81CE733}.Debug|Any CPU.Build.0 = Debug|Any CPU
		{6AD15E00-5F91-4902-B074-4EF1A81CE733}.Release|Any CPU.ActiveCfg = Release|Any CPU
		{6AD15E00-5F91-4902-B074-4EF1A81CE733}.Release|Any CPU.Build.0 = Release|Any CPU
		{E177B117-6C79-492E-AE0A-7F880CC56110}.Debug|Any CPU.ActiveCfg = Debug|Any CPU
		{E177B117-6C79-492E-AE0A-7F880CC56110}.Debug|Any CPU.Build.0 = Debug|Any CPU
		{E177B117-6C79-492E-AE0A-7F880CC56110}.Release|Any CPU.ActiveCfg = Release|Any CPU
		{E177B117-6C79-492E-AE0A-7F880CC56110}.Release|Any CPU.Build.0 = Release|Any CPU
		{A9457AA5-4E81-47AE-9452-F53CCDD44F34}.Debug|Any CPU.ActiveCfg = Debug|Any CPU
		{A9457AA5-4E81-47AE-9452-F53CCDD44F34}.Debug|Any CPU.Build.0 = Debug|Any CPU
		{A9457AA5-4E81-47AE-9452-F53CCDD44F34}.Release|Any CPU.ActiveCfg = Release|Any CPU
		{A9457AA5-4E81-47AE-9452-F53CCDD44F34}.Release|Any CPU.Build.0 = Release|Any CPU
	EndGlobalSection
	GlobalSection(SolutionProperties) = preSolution
		HideSolutionNode = FALSE
	EndGlobalSection
	GlobalSection(ExtensibilityGlobals) = postSolution
		SolutionGuid = {2F009CDE-31AE-4262-A592-C4BC55D14220}
	EndGlobalSection
EndGlobal
